
Microsoft Visual Studio Solution File, Format Version 12.00
# Visual Studio Version 16
VisualStudioVersion = 16.0.36324.18
MinimumVisualStudioVersion = 10.0.40219.1
Project("{FAE04EC0-301F-11D3-BF4B-00C04F79EFBC}") = "Pacientes", "Pacientes\Pacientes.csproj", "{94498142-8242-4C49-8D63-608007F214D8}"
EndProject
Global
	GlobalSection(SolutionConfigurationPlatforms) = preSolution
		Debug|Any CPU = Debug|Any CPU
		Release|Any CPU = Release|Any CPU
	EndGlobalSection
	GlobalSection(ProjectConfigurationPlatforms) = postSolution
		{94498142-8242-4C49-8D63-608007F214D8}.Debug|Any CPU.ActiveCfg = Debug|Any CPU
		{94498142-8242-4C49-8D63-608007F214D8}.Debug|Any CPU.Build.0 = Debug|Any CPU
		{94498142-8242-4C49-8D63-608007F214D8}.Release|Any CPU.ActiveCfg = Release|Any CPU
		{94498142-8242-4C49-8D63-608007F214D8}.Release|Any CPU.Build.0 = Release|Any CPU
	EndGlobalSection
	GlobalSection(SolutionProperties) = preSolution
		HideSolutionNode = FALSE
	EndGlobalSection
	GlobalSection(ExtensibilityGlobals) = postSolution
		SolutionGuid = {50D98B7C-DD1C-4B91-8570-DAA5C6E170A2}
	EndGlobalSection
EndGlobal
