
Microsoft Visual Studio Solution File, Format Version 12.00
# Visual Studio Version 16
VisualStudioVersion = 16.0.36324.18
MinimumVisualStudioVersion = 10.0.40219.1
Project("{FAE04EC0-301F-11D3-BF4B-00C04F79EFBC}") = "Ejecutable_MB", "Ejecutable_MB.csproj", "{073F2E92-8145-4A66-A58E-98197441FB07}"
EndProject
Global
	GlobalSection(SolutionConfigurationPlatforms) = preSolution
		Debug|Any CPU = Debug|Any CPU
		Release|Any CPU = Release|Any CPU
	EndGlobalSection
	GlobalSection(ProjectConfigurationPlatforms) = postSolution
		{073F2E92-8145-4A66-A58E-98197441FB07}.Debug|Any CPU.ActiveCfg = Debug|Any CPU
		{073F2E92-8145-4A66-A58E-98197441FB07}.Debug|Any CPU.Build.0 = Debug|Any CPU
		{073F2E92-8145-4A66-A58E-98197441FB07}.Release|Any CPU.ActiveCfg = Release|Any CPU
		{073F2E92-8145-4A66-A58E-98197441FB07}.Release|Any CPU.Build.0 = Release|Any CPU
	EndGlobalSection
	GlobalSection(SolutionProperties) = preSolution
		HideSolutionNode = FALSE
	EndGlobalSection
	GlobalSection(ExtensibilityGlobals) = postSolution
		SolutionGuid = {D4631683-A796-4052-8849-DBE6F1FA0791}
	EndGlobalSection
EndGlobal
